{
  "object": {
    "pins": [
      {
        "package": "SwiftEvent",
        "repositoryURL": "https://github.com/alloyapple/SwiftEvent.git",
        "state": {
          "branch": "master",
          "revision": "abd3a36f252f39926c41b7b29aabbc7a071afcd1",
          "version": null
        }
      }
    ]
  },
  "version": 1
}
